// !$*UTF8*$!
{
	archiveVersion = 1;
	classes = {
	};
	objectVersion = 77;
	objects = {

/* Begin PBXBuildFile section */
		A7A33C56B614DED61D784AF4 /* InstantNotificationService.appex in Embed Foundation Extensions */ = {isa = PBXBuildFile; fileRef = 1AA6D9EB91692544752BD739 /* InstantNotificationService.appex */; settings = {ATTRIBUTES = (RemoveHeadersOnCopy, ); }; };
		D9864485A4F7CB8D16B5D251 /* InstantWidget.appex in Embed Foundation Extensions */ = {isa = PBXBuildFile; fileRef = F231F6FE549E641636571AA6 /* InstantWidget.appex */; settings = {ATTRIBUTES = (RemoveHeadersOnCopy, ); }; };
		D9F8C61E8878348FBC02E23C /* libwebp in Frameworks */ = {isa = PBXBuildFile; productRef = 1839E087D927F666802ADBDB /* libwebp */; };
/* End PBXBuildFile section */

/* Begin PBXContainerItemProxy section */
		23271A569DD9B640AFAC8F8C /* PBXContainerItemProxy */ = {
			isa = PBXContainerItemProxy;
			containerPortal = 98F54143AB4E86B28C3AFEE0 /* Project object */;
			proxyType = 1;
			remoteGlobalIDString = 604F74F091BAD3D7C6E7D5EF;
			remoteInfo = InstantNotificationService;
		};
		38D0ABC5A08ACF576AB3E9AA /* PBXContainerItemProxy */ = {
			isa = PBXContainerItemProxy;
			containerPortal = 98F54143AB4E86B28C3AFEE0 /* Project object */;
			proxyType = 1;
			remoteGlobalIDString = C13732C8E715C9BEE4FA51C9;
			remoteInfo = Instant;
		};
		5A241136DD1C60AAE495C3DF /* PBXContainerItemProxy */ = {
			isa = PBXContainerItemProxy;
			containerPortal = 98F54143AB4E86B28C3AFEE0 /* Project object */;
			proxyType = 1;
			remoteGlobalIDString = 704A160D8849979DE00DDB64;
			remoteInfo = InstantWidget;
		};
		BC35C7571281BCA7D3AABD70 /* PBXContainerItemProxy */ = {
			isa = PBXContainerItemProxy;
			containerPortal = 98F54143AB4E86B28C3AFEE0 /* Project object */;
			proxyType = 1;
			remoteGlobalIDString = C13732C8E715C9BEE4FA51C9;
			remoteInfo = Instant;
		};
/* End PBXContainerItemProxy section */

/* Begin PBXCopyFilesBuildPhase section */
		37E8022B7B99C3249E08AE16 /* Embed Foundation Extensions */ = {
			isa = PBXCopyFilesBuildPhase;
			buildActionMask = 2147483647;
			dstPath = "";
			dstSubfolderSpec = 13;
			files = (
				D9864485A4F7CB8D16B5D251 /* InstantWidget.appex in Embed Foundation Extensions */,
				A7A33C56B614DED61D784AF4 /* InstantNotificationService.appex in Embed Foundation Extensions */,
			);
			name = "Embed Foundation Extensions";
			runOnlyForDeploymentPostprocessing = 0;
		};
/* End PBXCopyFilesBuildPhase section */

/* Begin PBXFileReference section */
		1AA6D9EB91692544752BD739 /* InstantNotificationService.appex */ = {isa = PBXFileReference; explicitFileType = "wrapper.app-extension"; includeInIndex = 0; path = InstantNotificationService.appex; sourceTree = BUILT_PRODUCTS_DIR; };
		709F2E47840969CE27FCADEB /* InstantUITests.xctest */ = {isa = PBXFileReference; explicitFileType = wrapper.cfbundle; includeInIndex = 0; path = InstantUITests.xctest; sourceTree = BUILT_PRODUCTS_DIR; };
		8BCD5BC4CDFDF0918087C782 /* Instant.app */ = {isa = PBXFileReference; explicitFileType = wrapper.application; includeInIndex = 0; path = Instant.app; sourceTree = BUILT_PRODUCTS_DIR; };
		F219C0274590DA45E4BEF1EA /* InstantTests.xctest */ = {isa = PBXFileReference; explicitFileType = wrapper.cfbundle; includeInIndex = 0; path = InstantTests.xctest; sourceTree = BUILT_PRODUCTS_DIR; };
		F231F6FE549E641636571AA6 /* InstantWidget.appex */ = {isa = PBXFileReference; explicitFileType = "wrapper.app-extension"; includeInIndex = 0; path = InstantWidget.appex; sourceTree = BUILT_PRODUCTS_DIR; };
/* End PBXFileReference section */

/* Begin PBXFileSystemSynchronizedRootGroup section */
		40DBDC34C7765D75D472DF46 /* InstantNotificationService */ = {
			isa = PBXFileSystemSynchronizedRootGroup;
			path = InstantNotificationService;
			sourceTree = "<group>";
		};
		871EC0CDB63A64797DD808F9 /* Shared */ = {
			isa = PBXFileSystemSynchronizedRootGroup;
			path = Shared;
			sourceTree = "<group>";
		};
		A4E78D51C7AF34885265A1CA /* Instant */ = {
			isa = PBXFileSystemSynchronizedRootGroup;
			path = Instant;
			sourceTree = "<group>";
		};
		BA9AEB0CAACEDA0B5B57772A /* InstantWidget */ = {
			isa = PBXFileSystemSynchronizedRootGroup;
			path = InstantWidget;
			sourceTree = "<group>";
		};
		C2D0948BCF7FECFBC1423C7E /* InstantTests */ = {
			isa = PBXFileSystemSynchronizedRootGroup;
			path = InstantTests;
			sourceTree = "<group>";
		};
		D37F650ACA2AF7ABF6C2C0BC /* InstantUITests */ = {
			isa = PBXFileSystemSynchronizedRootGroup;
			path = InstantUITests;
			sourceTree = "<group>";
		};
/* End PBXFileSystemSynchronizedRootGroup section */

/* Begin PBXFrameworksBuildPhase section */
		1ABF84E55BD30AC2CEF8FC42 /* Frameworks */ = {
			isa = PBXFrameworksBuildPhase;
			buildActionMask = 2147483647;
			files = (
			);
			runOnlyForDeploymentPostprocessing = 0;
		};
		7683A40AB86681224A5404DF /* Frameworks */ = {
			isa = PBXFrameworksBuildPhase;
			buildActionMask = 2147483647;
			files = (
			);
			runOnlyForDeploymentPostprocessing = 0;
		};
		78AE8C6BEB2A40A6D824CCEE /* Frameworks */ = {
			isa = PBXFrameworksBuildPhase;
			buildActionMask = 2147483647;
			files = (
				D9F8C61E8878348FBC02E23C /* libwebp in Frameworks */,
			);
			runOnlyForDeploymentPostprocessing = 0;
		};
		8390B7595BCD2F6FEF17F197 /* Frameworks */ = {
			isa = PBXFrameworksBuildPhase;
			buildActionMask = 2147483647;
			files = (
			);
			runOnlyForDeploymentPostprocessing = 0;
		};
		C317BF83F2F2460BD3A12A20 /* Frameworks */ = {
			isa = PBXFrameworksBuildPhase;
			buildActionMask = 2147483647;
			files = (
			);
			runOnlyForDeploymentPostprocessing = 0;
		};
/* End PBXFrameworksBuildPhase section */

/* Begin PBXGroup section */
		328EC33DF3954DC9B83FA285 /* Products */ = {
			isa = PBXGroup;
			children = (
				8BCD5BC4CDFDF0918087C782 /* Instant.app */,
				F231F6FE549E641636571AA6 /* InstantWidget.appex */,
				1AA6D9EB91692544752BD739 /* InstantNotificationService.appex */,
				F219C0274590DA45E4BEF1EA /* InstantTests.xctest */,
				709F2E47840969CE27FCADEB /* InstantUITests.xctest */,
			);
			name = Products;
			sourceTree = "<group>";
		};
		E50290A24C49A459B43487C5 = {
			isa = PBXGroup;
			children = (
				A4E78D51C7AF34885265A1CA /* Instant */,
				871EC0CDB63A64797DD808F9 /* Shared */,
				BA9AEB0CAACEDA0B5B57772A /* InstantWidget */,
				40DBDC34C7765D75D472DF46 /* InstantNotificationService */,
				C2D0948BCF7FECFBC1423C7E /* InstantTests */,
				D37F650ACA2AF7ABF6C2C0BC /* InstantUITests */,
				328EC33DF3954DC9B83FA285 /* Products */,
			);
			sourceTree = "<group>";
		};
/* End PBXGroup section */

/* Begin PBXNativeTarget section */
		604F74F091BAD3D7C6E7D5EF /* InstantNotificationService */ = {
			isa = PBXNativeTarget;
			buildConfigurationList = 8074348469ECA333301B095A /* Build configuration list for PBXNativeTarget "InstantNotificationService" */;
			buildPhases = (
				0BF89DF60518C40C363738B7 /* Sources */,
				C317BF83F2F2460BD3A12A20 /* Frameworks */,
				FBCB829A083DEA78DE37C5B1 /* Resources */,
			);
			buildRules = (
			);
			dependencies = (
			);
			fileSystemSynchronizedGroups = (
				40DBDC34C7765D75D472DF46 /* InstantNotificationService */,
				871EC0CDB63A64797DD808F9 /* Shared */,
			);
			name = InstantNotificationService;
			packageProductDependencies = (
			);
			productName = InstantNotificationService;
			productReference = 1AA6D9EB91692544752BD739 /* InstantNotificationService.appex */;
			productType = "com.apple.product-type.app-extension";
		};
		64BCB755386F844C96A2A5B0 /* InstantTests */ = {
			isa = PBXNativeTarget;
			buildConfigurationList = 7484A24AD5D1B3AEBE01B41B /* Build configuration list for PBXNativeTarget "InstantTests" */;
			buildPhases = (
				6E431EB0650617AA1756B320 /* Sources */,
				1ABF84E55BD30AC2CEF8FC42 /* Frameworks */,
				7DED7670B79BEA8B7480B1FC /* Resources */,
			);
			buildRules = (
			);
			dependencies = (
				B141EDB41E719703F12C5E7D /* PBXTargetDependency */,
			);
			fileSystemSynchronizedGroups = (
				C2D0948BCF7FECFBC1423C7E /* InstantTests */,
			);
			name = InstantTests;
			packageProductDependencies = (
			);
			productName = InstantTests;
			productReference = F219C0274590DA45E4BEF1EA /* InstantTests.xctest */;
			productType = "com.apple.product-type.bundle.unit-test";
		};
		704A160D8849979DE00DDB64 /* InstantWidget */ = {
			isa = PBXNativeTarget;
			buildConfigurationList = 6B9FE4DBCC085833C0A55856 /* Build configuration list for PBXNativeTarget "InstantWidget" */;
			buildPhases = (
				2D81737A052BBAAD15A6D3C1 /* Sources */,
				7683A40AB86681224A5404DF /* Frameworks */,
				FE608D3A8638F8175D740C08 /* Resources */,
			);
			buildRules = (
			);
			dependencies = (
			);
			fileSystemSynchronizedGroups = (
				871EC0CDB63A64797DD808F9 /* Shared */,
				BA9AEB0CAACEDA0B5B57772A /* InstantWidget */,
			);
			name = InstantWidget;
			packageProductDependencies = (
			);
			productName = InstantWidget;
			productReference = F231F6FE549E641636571AA6 /* InstantWidget.appex */;
			productType = "com.apple.product-type.app-extension";
		};
		C13732C8E715C9BEE4FA51C9 /* Instant */ = {
			isa = PBXNativeTarget;
			buildConfigurationList = 8E040F02DDDF06E4C67F15D2 /* Build configuration list for PBXNativeTarget "Instant" */;
			buildPhases = (
				971ED9D05B25DB6C4D7680D4 /* Sources */,
				78AE8C6BEB2A40A6D824CCEE /* Frameworks */,
				364863F9F2E558B0F50473FC /* Resources */,
				37E8022B7B99C3249E08AE16 /* Embed Foundation Extensions */,
			);
			buildRules = (
			);
			dependencies = (
				3E9C52EF4399CCDF6B93D64D /* PBXTargetDependency */,
				EFB14940DCB6A85FF387AB20 /* PBXTargetDependency */,
			);
			fileSystemSynchronizedGroups = (
				871EC0CDB63A64797DD808F9 /* Shared */,
				A4E78D51C7AF34885265A1CA /* Instant */,
			);
			name = Instant;
			packageProductDependencies = (
				1839E087D927F666802ADBDB /* libwebp */,
			);
			productName = Instant;
			productReference = 8BCD5BC4CDFDF0918087C782 /* Instant.app */;
			productType = "com.apple.product-type.application";
		};
		D75D01E5FD65F1CE576FC5B6 /* InstantUITests */ = {
			isa = PBXNativeTarget;
			buildConfigurationList = 67F9D6D879CF54EE38CA13DB /* Build configuration list for PBXNativeTarget "InstantUITests" */;
			buildPhases = (
				3F0002D04A541FE103F80CF6 /* Sources */,
				8390B7595BCD2F6FEF17F197 /* Frameworks */,
				43A098B05C43B6CE676DA934 /* Resources */,
			);
			buildRules = (
			);
			dependencies = (
				7C6CDA0B63D33FD5BF0E1EC6 /* PBXTargetDependency */,
			);
			fileSystemSynchronizedGroups = (
				D37F650ACA2AF7ABF6C2C0BC /* InstantUITests */,
			);
			name = InstantUITests;
			packageProductDependencies = (
			);
			productName = InstantUITests;
			productReference = 709F2E47840969CE27FCADEB /* InstantUITests.xctest */;
			productType = "com.apple.product-type.bundle.ui-testing";
		};
/* End PBXNativeTarget section */

/* Begin PBXProject section */
		98F54143AB4E86B28C3AFEE0 /* Project object */ = {
			isa = PBXProject;
			attributes = {
				BuildIndependentTargetsInParallel = 1;
				LastSwiftUpdateCheck = 2700;
				LastUpgradeCheck = 2700;
				TargetAttributes = {
					604F74F091BAD3D7C6E7D5EF = {
						CreatedOnToolsVersion = 27.0;
					};
					64BCB755386F844C96A2A5B0 = {
						CreatedOnToolsVersion = 27.0;
						TestTargetID = C13732C8E715C9BEE4FA51C9;
					};
					704A160D8849979DE00DDB64 = {
						CreatedOnToolsVersion = 27.0;
					};
					C13732C8E715C9BEE4FA51C9 = {
						CreatedOnToolsVersion = 27.0;
					};
					D75D01E5FD65F1CE576FC5B6 = {
						CreatedOnToolsVersion = 27.0;
						TestTargetID = C13732C8E715C9BEE4FA51C9;
					};
				};
			};
			buildConfigurationList = 642847098F0B60C253877A57 /* Build configuration list for PBXProject "Instant" */;
			developmentRegion = en;
			hasScannedForEncodings = 0;
			knownRegions = (
				en,
				Base,
			);
			mainGroup = E50290A24C49A459B43487C5;
			minimizedProjectReferenceProxies = 1;
			packageReferences = (
				C34097BEF7BFE6D4DC88BD36 /* XCRemoteSwiftPackageReference "libwebp-Xcode" */,
			);
			preferredProjectObjectVersion = 77;
			productRefGroup = 328EC33DF3954DC9B83FA285 /* Products */;
			projectDirPath = "";
			projectRoot = "";
			targets = (
				C13732C8E715C9BEE4FA51C9 /* Instant */,
				704A160D8849979DE00DDB64 /* InstantWidget */,
				604F74F091BAD3D7C6E7D5EF /* InstantNotificationService */,
				64BCB755386F844C96A2A5B0 /* InstantTests */,
				D75D01E5FD65F1CE576FC5B6 /* InstantUITests */,
			);
		};
/* End PBXProject section */

/* Begin PBXResourcesBuildPhase section */
		364863F9F2E558B0F50473FC /* Resources */ = {
			isa = PBXResourcesBuildPhase;
			buildActionMask = 2147483647;
			files = (
			);
			runOnlyForDeploymentPostprocessing = 0;
		};
		43A098B05C43B6CE676DA934 /* Resources */ = {
			isa = PBXResourcesBuildPhase;
			buildActionMask = 2147483647;
			files = (
			);
			runOnlyForDeploymentPostprocessing = 0;
		};
		7DED7670B79BEA8B7480B1FC /* Resources */ = {
			isa = PBXResourcesBuildPhase;
			buildActionMask = 2147483647;
			files = (
			);
			runOnlyForDeploymentPostprocessing = 0;
		};
		FBCB829A083DEA78DE37C5B1 /* Resources */ = {
			isa = PBXResourcesBuildPhase;
			buildActionMask = 2147483647;
			files = (
			);
			runOnlyForDeploymentPostprocessing = 0;
		};
		FE608D3A8638F8175D740C08 /* Resources */ = {
			isa = PBXResourcesBuildPhase;
			buildActionMask = 2147483647;
			files = (
			);
			runOnlyForDeploymentPostprocessing = 0;
		};
/* End PBXResourcesBuildPhase section */

/* Begin PBXSourcesBuildPhase section */
		0BF89DF60518C40C363738B7 /* Sources */ = {
			isa = PBXSourcesBuildPhase;
			buildActionMask = 2147483647;
			files = (
			);
			runOnlyForDeploymentPostprocessing = 0;
		};
		2D81737A052BBAAD15A6D3C1 /* Sources */ = {
			isa = PBXSourcesBuildPhase;
			buildActionMask = 2147483647;
			files = (
			);
			runOnlyForDeploymentPostprocessing = 0;
		};
		3F0002D04A541FE103F80CF6 /* Sources */ = {
			isa = PBXSourcesBuildPhase;
			buildActionMask = 2147483647;
			files = (
			);
			runOnlyForDeploymentPostprocessing = 0;
		};
		6E431EB0650617AA1756B320 /* Sources */ = {
			isa = PBXSourcesBuildPhase;
			buildActionMask = 2147483647;
			files = (
			);
			runOnlyForDeploymentPostprocessing = 0;
		};
		971ED9D05B25DB6C4D7680D4 /* Sources */ = {
			isa = PBXSourcesBuildPhase;
			buildActionMask = 2147483647;
			files = (
			);
			runOnlyForDeploymentPostprocessing = 0;
		};
/* End PBXSourcesBuildPhase section */

/* Begin PBXTargetDependency section */
		3E9C52EF4399CCDF6B93D64D /* PBXTargetDependency */ = {
			isa = PBXTargetDependency;
			target = 704A160D8849979DE00DDB64 /* InstantWidget */;
			targetProxy = 5A241136DD1C60AAE495C3DF /* PBXContainerItemProxy */;
		};
		7C6CDA0B63D33FD5BF0E1EC6 /* PBXTargetDependency */ = {
			isa = PBXTargetDependency;
			target = C13732C8E715C9BEE4FA51C9 /* Instant */;
			targetProxy = BC35C7571281BCA7D3AABD70 /* PBXContainerItemProxy */;
		};
		B141EDB41E719703F12C5E7D /* PBXTargetDependency */ = {
			isa = PBXTargetDependency;
			target = C13732C8E715C9BEE4FA51C9 /* Instant */;
			targetProxy = 38D0ABC5A08ACF576AB3E9AA /* PBXContainerItemProxy */;
		};
		EFB14940DCB6A85FF387AB20 /* PBXTargetDependency */ = {
			isa = PBXTargetDependency;
			target = 604F74F091BAD3D7C6E7D5EF /* InstantNotificationService */;
			targetProxy = 23271A569DD9B640AFAC8F8C /* PBXContainerItemProxy */;
		};
/* End PBXTargetDependency section */

/* Begin XCBuildConfiguration section */
		5A8C91857F674E16E2724F47 /* Release */ = {
			isa = XCBuildConfiguration;
			buildSettings = {
				ASSETCATALOG_COMPILER_APPICON_NAME = AppIcon;
				CODE_SIGN_ENTITLEMENTS = Instant/Resources/Instant.entitlements;
				CODE_SIGN_STYLE = Automatic;
				DEVELOPMENT_TEAM = 844S7255R5;
				GENERATE_INFOPLIST_FILE = YES;
				INFOPLIST_FILE = "Instant-Info.plist";
				INFOPLIST_KEY_CFBundleDisplayName = Instant;
				INFOPLIST_KEY_ITSAppUsesNonExemptEncryption = NO;
				INFOPLIST_KEY_NSCameraUsageDescription = "Instant needs the camera to take the photos and videos you send.";
				INFOPLIST_KEY_NSMicrophoneUsageDescription = "Instant needs the microphone to record sound with the videos you send.";
				INFOPLIST_KEY_NSPhotoLibraryAddUsageDescription = "Instant saves a copy of a photo or video to your library when you ask it to.";
				INFOPLIST_KEY_NSPhotoLibraryUsageDescription = "Instant needs your photo library so you can send a picture you already have.";
				INFOPLIST_KEY_UILaunchScreen_Generation = YES;
				INFOPLIST_KEY_UIStatusBarStyle = UIStatusBarStyleLightContent;
				INFOPLIST_KEY_UISupportedInterfaceOrientations = UIInterfaceOrientationPortrait;
				INFOPLIST_KEY_UIUserInterfaceStyle = Dark;
				LD_RUNPATH_SEARCH_PATHS = (
					"$(inherited)",
					"@executable_path/Frameworks",
				);
				PRODUCT_BUNDLE_IDENTIFIER = com.eduardcazacu.instant;
				PRODUCT_NAME = "$(TARGET_NAME)";
				SWIFT_EMIT_LOC_STRINGS = YES;
				TARGETED_DEVICE_FAMILY = 1;
			};
			name = Release;
		};
		811CB99F7A296F7846C18A7F /* Release */ = {
			isa = XCBuildConfiguration;
			buildSettings = {
				ALWAYS_SEARCH_USER_PATHS = NO;
				CLANG_ENABLE_MODULES = YES;
				CLANG_ENABLE_OBJC_ARC = YES;
				CLANG_WARN_DOCUMENTATION_COMMENTS = YES;
				CLANG_WARN_UNREACHABLE_CODE = YES;
				COPY_PHASE_STRIP = NO;
				CURRENT_PROJECT_VERSION = 8;
				DEBUG_INFORMATION_FORMAT = "dwarf-with-dsym";
				DEVELOPMENT_TEAM = 844S7255R5;
				ENABLE_STRICT_OBJC_MSGSEND = YES;
				ENABLE_USER_SCRIPT_SANDBOXING = YES;
				GCC_NO_COMMON_BLOCKS = YES;
				GCC_WARN_UNUSED_VARIABLE = YES;
				IPHONEOS_DEPLOYMENT_TARGET = 18.0;
				MARKETING_VERSION = 1.5;
				SDKROOT = iphoneos;
				SWIFT_COMPILATION_MODE = wholemodule;
				SWIFT_STRICT_CONCURRENCY = minimal;
				SWIFT_VERSION = 6.0;
				VALIDATE_PRODUCT = YES;
			};
			name = Release;
		};
		81FF9470873B1A12EC229BA2 /* Debug */ = {
			isa = XCBuildConfiguration;
			buildSettings = {
				CODE_SIGN_ENTITLEMENTS = InstantNotificationService/InstantNotificationService.entitlements;
				CODE_SIGN_STYLE = Automatic;
				GENERATE_INFOPLIST_FILE = NO;
				INFOPLIST_FILE = "InstantNotificationService-Info.plist";
				IPHONEOS_DEPLOYMENT_TARGET = 18.0;
				LD_RUNPATH_SEARCH_PATHS = (
					"$(inherited)",
					"@executable_path/Frameworks",
					"@executable_path/../../Frameworks",
				);
				PRODUCT_BUNDLE_IDENTIFIER = com.eduardcazacu.instant.notifications;
				PRODUCT_NAME = "$(TARGET_NAME)";
				SKIP_INSTALL = YES;
				SWIFT_EMIT_LOC_STRINGS = YES;
				TARGETED_DEVICE_FAMILY = 1;
			};
			name = Debug;
		};
		8EEBAB68363C2B0DAE00DB30 /* Debug */ = {
			isa = XCBuildConfiguration;
			buildSettings = {
				CODE_SIGN_ENTITLEMENTS = InstantWidget/InstantWidget.entitlements;
				CODE_SIGN_STYLE = Automatic;
				GENERATE_INFOPLIST_FILE = NO;
				INFOPLIST_FILE = "InstantWidget-Info.plist";
				INFOPLIST_KEY_CFBundleDisplayName = Instant;
				IPHONEOS_DEPLOYMENT_TARGET = 18.0;
				LD_RUNPATH_SEARCH_PATHS = (
					"$(inherited)",
					"@executable_path/Frameworks",
					"@executable_path/../../Frameworks",
				);
				PRODUCT_BUNDLE_IDENTIFIER = com.eduardcazacu.instant.widget;
				PRODUCT_NAME = "$(TARGET_NAME)";
				SKIP_INSTALL = YES;
				SWIFT_EMIT_LOC_STRINGS = YES;
				TARGETED_DEVICE_FAMILY = 1;
			};
			name = Debug;
		};
		942EEBBACD6C88CAE7F29B29 /* Release */ = {
			isa = XCBuildConfiguration;
			buildSettings = {
				BUNDLE_LOADER = "$(TEST_HOST)";
				CODE_SIGN_STYLE = Automatic;
				GENERATE_INFOPLIST_FILE = YES;
				PRODUCT_BUNDLE_IDENTIFIER = com.eduardcazacu.instant.tests;
				PRODUCT_NAME = "$(TARGET_NAME)";
				TARGETED_DEVICE_FAMILY = 1;
				TEST_HOST = "$(BUILT_PRODUCTS_DIR)/Instant.app/$(BUNDLE_EXECUTABLE_FOLDER_PATH)/Instant";
			};
			name = Release;
		};
		94C1D7A82E2F92E70C5BA5D8 /* Debug */ = {
			isa = XCBuildConfiguration;
			buildSettings = {
				CODE_SIGN_STYLE = Automatic;
				GENERATE_INFOPLIST_FILE = YES;
				PRODUCT_BUNDLE_IDENTIFIER = com.eduardcazacu.instant.uitests;
				PRODUCT_NAME = "$(TARGET_NAME)";
				TARGETED_DEVICE_FAMILY = 1;
				TEST_TARGET_NAME = Instant;
			};
			name = Debug;
		};
		9609A256A79253DD705A918E /* Release */ = {
			isa = XCBuildConfiguration;
			buildSettings = {
				CODE_SIGN_STYLE = Automatic;
				GENERATE_INFOPLIST_FILE = YES;
				PRODUCT_BUNDLE_IDENTIFIER = com.eduardcazacu.instant.uitests;
				PRODUCT_NAME = "$(TARGET_NAME)";
				TARGETED_DEVICE_FAMILY = 1;
				TEST_TARGET_NAME = Instant;
			};
			name = Release;
		};
		9985A4D0786FEC85B349F84A /* Release */ = {
			isa = XCBuildConfiguration;
			buildSettings = {
				CODE_SIGN_ENTITLEMENTS = InstantNotificationService/InstantNotificationService.entitlements;
				CODE_SIGN_STYLE = Automatic;
				GENERATE_INFOPLIST_FILE = NO;
				INFOPLIST_FILE = "InstantNotificationService-Info.plist";
				IPHONEOS_DEPLOYMENT_TARGET = 18.0;
				LD_RUNPATH_SEARCH_PATHS = (
					"$(inherited)",
					"@executable_path/Frameworks",
					"@executable_path/../../Frameworks",
				);
				PRODUCT_BUNDLE_IDENTIFIER = com.eduardcazacu.instant.notifications;
				PRODUCT_NAME = "$(TARGET_NAME)";
				SKIP_INSTALL = YES;
				SWIFT_EMIT_LOC_STRINGS = YES;
				TARGETED_DEVICE_FAMILY = 1;
			};
			name = Release;
		};
		9B3B545F8CBA1ACB550689D3 /* Release */ = {
			isa = XCBuildConfiguration;
			buildSettings = {
				CODE_SIGN_ENTITLEMENTS = InstantWidget/InstantWidget.entitlements;
				CODE_SIGN_STYLE = Automatic;
				GENERATE_INFOPLIST_FILE = NO;
				INFOPLIST_FILE = "InstantWidget-Info.plist";
				INFOPLIST_KEY_CFBundleDisplayName = Instant;
				IPHONEOS_DEPLOYMENT_TARGET = 18.0;
				LD_RUNPATH_SEARCH_PATHS = (
					"$(inherited)",
					"@executable_path/Frameworks",
					"@executable_path/../../Frameworks",
				);
				PRODUCT_BUNDLE_IDENTIFIER = com.eduardcazacu.instant.widget;
				PRODUCT_NAME = "$(TARGET_NAME)";
				SKIP_INSTALL = YES;
				SWIFT_EMIT_LOC_STRINGS = YES;
				TARGETED_DEVICE_FAMILY = 1;
			};
			name = Release;
		};
		D08DD63EED508AD30D0CB0B4 /* Debug */ = {
			isa = XCBuildConfiguration;
			buildSettings = {
				ALWAYS_SEARCH_USER_PATHS = NO;
				CLANG_ENABLE_MODULES = YES;
				CLANG_ENABLE_OBJC_ARC = YES;
				CLANG_WARN_DOCUMENTATION_COMMENTS = YES;
				CLANG_WARN_UNREACHABLE_CODE = YES;
				COPY_PHASE_STRIP = NO;
				CURRENT_PROJECT_VERSION = 8;
				DEBUG_INFORMATION_FORMAT = dwarf;
				DEVELOPMENT_TEAM = 844S7255R5;
				ENABLE_STRICT_OBJC_MSGSEND = YES;
				ENABLE_TESTABILITY = YES;
				ENABLE_USER_SCRIPT_SANDBOXING = YES;
				GCC_NO_COMMON_BLOCKS = YES;
				GCC_OPTIMIZATION_LEVEL = 0;
				GCC_WARN_UNUSED_VARIABLE = YES;
				IPHONEOS_DEPLOYMENT_TARGET = 18.0;
				MARKETING_VERSION = 1.5;
				ONLY_ACTIVE_ARCH = YES;
				SDKROOT = iphoneos;
				SWIFT_ACTIVE_COMPILATION_CONDITIONS = DEBUG;
				SWIFT_OPTIMIZATION_LEVEL = "-Onone";
				SWIFT_STRICT_CONCURRENCY = minimal;
				SWIFT_VERSION = 6.0;
			};
			name = Debug;
		};
		E9B2E96ABC5F6856F2BE79CF /* Debug */ = {
			isa = XCBuildConfiguration;
			buildSettings = {
				ASSETCATALOG_COMPILER_APPICON_NAME = AppIcon;
				CODE_SIGN_ENTITLEMENTS = Instant/Resources/Instant.entitlements;
				CODE_SIGN_STYLE = Automatic;
				DEVELOPMENT_TEAM = 844S7255R5;
				GENERATE_INFOPLIST_FILE = YES;
				INFOPLIST_FILE = "Instant-Info.plist";
				INFOPLIST_KEY_CFBundleDisplayName = Instant;
				INFOPLIST_KEY_ITSAppUsesNonExemptEncryption = NO;
				INFOPLIST_KEY_NSCameraUsageDescription = "Instant needs the camera to take the photos and videos you send.";
				INFOPLIST_KEY_NSMicrophoneUsageDescription = "Instant needs the microphone to record sound with the videos you send.";
				INFOPLIST_KEY_NSPhotoLibraryAddUsageDescription = "Instant saves a copy of a photo or video to your library when you ask it to.";
				INFOPLIST_KEY_NSPhotoLibraryUsageDescription = "Instant needs your photo library so you can send a picture you already have.";
				INFOPLIST_KEY_UILaunchScreen_Generation = YES;
				INFOPLIST_KEY_UIStatusBarStyle = UIStatusBarStyleLightContent;
				INFOPLIST_KEY_UISupportedInterfaceOrientations = UIInterfaceOrientationPortrait;
				INFOPLIST_KEY_UIUserInterfaceStyle = Dark;
				LD_RUNPATH_SEARCH_PATHS = (
					"$(inherited)",
					"@executable_path/Frameworks",
				);
				PRODUCT_BUNDLE_IDENTIFIER = com.eduardcazacu.instant;
				PRODUCT_NAME = "$(TARGET_NAME)";
				SWIFT_EMIT_LOC_STRINGS = YES;
				TARGETED_DEVICE_FAMILY = 1;
			};
			name = Debug;
		};
		FCB48D8F88BCDB0ED9FADFD7 /* Debug */ = {
			isa = XCBuildConfiguration;
			buildSettings = {
				BUNDLE_LOADER = "$(TEST_HOST)";
				CODE_SIGN_STYLE = Automatic;
				GENERATE_INFOPLIST_FILE = YES;
				PRODUCT_BUNDLE_IDENTIFIER = com.eduardcazacu.instant.tests;
				PRODUCT_NAME = "$(TARGET_NAME)";
				TARGETED_DEVICE_FAMILY = 1;
				TEST_HOST = "$(BUILT_PRODUCTS_DIR)/Instant.app/$(BUNDLE_EXECUTABLE_FOLDER_PATH)/Instant";
			};
			name = Debug;
		};
/* End XCBuildConfiguration section */

/* Begin XCConfigurationList section */
		642847098F0B60C253877A57 /* Build configuration list for PBXProject "Instant" */ = {
			isa = XCConfigurationList;
			buildConfigurations = (
				D08DD63EED508AD30D0CB0B4 /* Debug */,
				811CB99F7A296F7846C18A7F /* Release */,
			);
			defaultConfigurationIsVisible = 0;
			defaultConfigurationName = Release;
		};
		67F9D6D879CF54EE38CA13DB /* Build configuration list for PBXNativeTarget "InstantUITests" */ = {
			isa = XCConfigurationList;
			buildConfigurations = (
				94C1D7A82E2F92E70C5BA5D8 /* Debug */,
				9609A256A79253DD705A918E /* Release */,
			);
			defaultConfigurationIsVisible = 0;
			defaultConfigurationName = Release;
		};
		6B9FE4DBCC085833C0A55856 /* Build configuration list for PBXNativeTarget "InstantWidget" */ = {
			isa = XCConfigurationList;
			buildConfigurations = (
				8EEBAB68363C2B0DAE00DB30 /* Debug */,
				9B3B545F8CBA1ACB550689D3 /* Release */,
			);
			defaultConfigurationIsVisible = 0;
			defaultConfigurationName = Release;
		};
		7484A24AD5D1B3AEBE01B41B /* Build configuration list for PBXNativeTarget "InstantTests" */ = {
			isa = XCConfigurationList;
			buildConfigurations = (
				FCB48D8F88BCDB0ED9FADFD7 /* Debug */,
				942EEBBACD6C88CAE7F29B29 /* Release */,
			);
			defaultConfigurationIsVisible = 0;
			defaultConfigurationName = Release;
		};
		8074348469ECA333301B095A /* Build configuration list for PBXNativeTarget "InstantNotificationService" */ = {
			isa = XCConfigurationList;
			buildConfigurations = (
				81FF9470873B1A12EC229BA2 /* Debug */,
				9985A4D0786FEC85B349F84A /* Release */,
			);
			defaultConfigurationIsVisible = 0;
			defaultConfigurationName = Release;
		};
		8E040F02DDDF06E4C67F15D2 /* Build configuration list for PBXNativeTarget "Instant" */ = {
			isa = XCConfigurationList;
			buildConfigurations = (
				E9B2E96ABC5F6856F2BE79CF /* Debug */,
				5A8C91857F674E16E2724F47 /* Release */,
			);
			defaultConfigurationIsVisible = 0;
			defaultConfigurationName = Release;
		};
/* End XCConfigurationList section */

/* Begin XCRemoteSwiftPackageReference section */
		C34097BEF7BFE6D4DC88BD36 /* XCRemoteSwiftPackageReference "libwebp-Xcode" */ = {
			isa = XCRemoteSwiftPackageReference;
			repositoryURL = "https://github.com/SDWebImage/libwebp-Xcode.git";
			requirement = {
				kind = upToNextMajorVersion;
				minimumVersion = 1.6.0;
			};
		};
/* End XCRemoteSwiftPackageReference section */

/* Begin XCSwiftPackageProductDependency section */
		1839E087D927F666802ADBDB /* libwebp */ = {
			isa = XCSwiftPackageProductDependency;
			package = C34097BEF7BFE6D4DC88BD36 /* XCRemoteSwiftPackageReference "libwebp-Xcode" */;
			productName = libwebp;
		};
/* End XCSwiftPackageProductDependency section */
	};
	rootObject = 98F54143AB4E86B28C3AFEE0 /* Project object */;
}
